
Microsoft Visual Studio Solution File, Format Version 12.00
# Visual Studio Version 16
VisualStudioVersion = 16.0.29215.179
MinimumVisualStudioVersion = 10.0.40219.1
Project("{00D1A9C2-B5F0-4AF3-8072-F6C62B433612}") = "TopicalTags", "TopicalTags\TopicalTags.sqlproj", "{CFC5AEA9-9B3D-4A14-881E-4200A25EAC98}"
EndProject
Project("{9A19103F-16F7-4668-BE54-9A1E7A4F7556}") = "TopicalTagsWebTest", "TopicalTagsWebTest\TopicalTagsWebTest.csproj", "{9DF876DF-0AE6-4B00-86A5-199E97E3EA50}"
EndProject
Project("{9A19103F-16F7-4668-BE54-9A1E7A4F7556}") = "TopicalTagsMigrations", "TopicalTagsMigrations\TopicalTagsMigrations.csproj", "{2EA7D21E-528B-4938-9235-D63AC37673A2}"
EndProject
Project("{9A19103F-16F7-4668-BE54-9A1E7A4F7556}") = "TopicalTagsCodeMigrations", "TopicalTagsCodeMigrations\TopicalTagsCodeMigrations.csproj", "{7B80E05B-9D0A-4760-BA90-4C66FD341730}"
EndProject
Project("{9A19103F-16F7-4668-BE54-9A1E7A4F7556}") = "TopicalTagsWebTestDatabaseMigrations", "TopicalTagsWebTestDatabaseMigrations\TopicalTagsWebTestDatabaseMigrations.csproj", "{1ECCC536-E379-4D95-B36F-B814A52CC1BF}"
EndProject
Global
	GlobalSection(SolutionConfigurationPlatforms) = preSolution
		Debug|Any CPU = Debug|Any CPU
		Release|Any CPU = Release|Any CPU
	EndGlobalSection
	GlobalSection(ProjectConfigurationPlatforms) = postSolution
		{CFC5AEA9-9B3D-4A14-881E-4200A25EAC98}.Debug|Any CPU.ActiveCfg = Debug|Any CPU
		{CFC5AEA9-9B3D-4A14-881E-4200A25EAC98}.Debug|Any CPU.Build.0 = Debug|Any CPU
		{CFC5AEA9-9B3D-4A14-881E-4200A25EAC98}.Debug|Any CPU.Deploy.0 = Debug|Any CPU
		{CFC5AEA9-9B3D-4A14-881E-4200A25EAC98}.Release|Any CPU.ActiveCfg = Release|Any CPU
		{CFC5AEA9-9B3D-4A14-881E-4200A25EAC98}.Release|Any CPU.Build.0 = Release|Any CPU
		{CFC5AEA9-9B3D-4A14-881E-4200A25EAC98}.Release|Any CPU.Deploy.0 = Release|Any CPU
		{9DF876DF-0AE6-4B00-86A5-199E97E3EA50}.Debug|Any CPU.ActiveCfg = Debug|Any CPU
		{9DF876DF-0AE6-4B00-86A5-199E97E3EA50}.Debug|Any CPU.Build.0 = Debug|Any CPU
		{9DF876DF-0AE6-4B00-86A5-199E97E3EA50}.Release|Any CPU.ActiveCfg = Release|Any CPU
		{9DF876DF-0AE6-4B00-86A5-199E97E3EA50}.Release|Any CPU.Build.0 = Release|Any CPU
		{2EA7D21E-528B-4938-9235-D63AC37673A2}.Debug|Any CPU.ActiveCfg = Debug|Any CPU
		{2EA7D21E-528B-4938-9235-D63AC37673A2}.Debug|Any CPU.Build.0 = Debug|Any CPU
		{2EA7D21E-528B-4938-9235-D63AC37673A2}.Release|Any CPU.ActiveCfg = Release|Any CPU
		{2EA7D21E-528B-4938-9235-D63AC37673A2}.Release|Any CPU.Build.0 = Release|Any CPU
		{7B80E05B-9D0A-4760-BA90-4C66FD341730}.Debug|Any CPU.ActiveCfg = Debug|Any CPU
		{7B80E05B-9D0A-4760-BA90-4C66FD341730}.Debug|Any CPU.Build.0 = Debug|Any CPU
		{7B80E05B-9D0A-4760-BA90-4C66FD341730}.Release|Any CPU.ActiveCfg = Release|Any CPU
		{7B80E05B-9D0A-4760-BA90-4C66FD341730}.Release|Any CPU.Build.0 = Release|Any CPU
		{1ECCC536-E379-4D95-B36F-B814A52CC1BF}.Debug|Any CPU.ActiveCfg = Debug|Any CPU
		{1ECCC536-E379-4D95-B36F-B814A52CC1BF}.Debug|Any CPU.Build.0 = Debug|Any CPU
		{1ECCC536-E379-4D95-B36F-B814A52CC1BF}.Release|Any CPU.ActiveCfg = Release|Any CPU
		{1ECCC536-E379-4D95-B36F-B814A52CC1BF}.Release|Any CPU.Build.0 = Release|Any CPU
	EndGlobalSection
	GlobalSection(SolutionProperties) = preSolution
		HideSolutionNode = FALSE
	EndGlobalSection
	GlobalSection(ExtensibilityGlobals) = postSolution
		SolutionGuid = {80FE299D-5259-4F7E-B3CB-5BB43C71AE9D}
	EndGlobalSection
EndGlobal
