
Microsoft Visual Studio Solution File, Format Version 12.00
# Visual Studio Version 16
VisualStudioVersion = 16.0.29215.179
MinimumVisualStudioVersion = 10.0.40219.1
Project("{9A19103F-16F7-4668-BE54-9A1E7A4F7556}") = "TopicalTags.CodeFirst", "TopicalTags.CodeFirst\TopicalTags.CodeFirst.csproj", "{9C79DEE8-27EC-45B5-AED2-C2100E04D19E}"
EndProject
Project("{9A19103F-16F7-4668-BE54-9A1E7A4F7556}") = "TopicalTags.WebTest.CodeFirst", "TopicalTags.WebTest.CodeFirst\TopicalTags.WebTest.CodeFirst.csproj", "{47276EDF-92DA-4813-85DE-C2C8D7FAF0E2}"
EndProject
Global
	GlobalSection(SolutionConfigurationPlatforms) = preSolution
		Debug|Any CPU = Debug|Any CPU
		Release|Any CPU = Release|Any CPU
	EndGlobalSection
	GlobalSection(ProjectConfigurationPlatforms) = postSolution
		{9C79DEE8-27EC-45B5-AED2-C2100E04D19E}.Debug|Any CPU.ActiveCfg = Debug|Any CPU
		{9C79DEE8-27EC-45B5-AED2-C2100E04D19E}.Debug|Any CPU.Build.0 = Debug|Any CPU
		{9C79DEE8-27EC-45B5-AED2-C2100E04D19E}.Release|Any CPU.ActiveCfg = Release|Any CPU
		{9C79DEE8-27EC-45B5-AED2-C2100E04D19E}.Release|Any CPU.Build.0 = Release|Any CPU
		{47276EDF-92DA-4813-85DE-C2C8D7FAF0E2}.Debug|Any CPU.ActiveCfg = Debug|Any CPU
		{47276EDF-92DA-4813-85DE-C2C8D7FAF0E2}.Debug|Any CPU.Build.0 = Debug|Any CPU
		{47276EDF-92DA-4813-85DE-C2C8D7FAF0E2}.Release|Any CPU.ActiveCfg = Release|Any CPU
		{47276EDF-92DA-4813-85DE-C2C8D7FAF0E2}.Release|Any CPU.Build.0 = Release|Any CPU
	EndGlobalSection
	GlobalSection(SolutionProperties) = preSolution
		HideSolutionNode = FALSE
	EndGlobalSection
	GlobalSection(ExtensibilityGlobals) = postSolution
		SolutionGuid = {80FE299D-5259-4F7E-B3CB-5BB43C71AE9D}
	EndGlobalSection
EndGlobal
